
Microsoft Visual Studio Solution File, Format Version 12.00
# Visual Studio Version 17
VisualStudioVersion = 17.10.35004.147
MinimumVisualStudioVersion = 10.0.40219.1
Project("{FAE04EC0-301F-11D3-BF4B-00C04F79EFBC}") = "KingWare", "KingWare\KingWare.csproj", "{DC9D8FEA-A8E9-44BE-A51A-D32D9B4BEF30}"
EndProject
Project("{FAE04EC0-301F-11D3-BF4B-00C04F79EFBC}") = "DecryptWare", "DecryptWare\DecryptWare.csproj", "{DB0F7EEF-12C8-457C-B0B0-643E62229E17}"
EndProject
Global
	GlobalSection(SolutionConfigurationPlatforms) = preSolution
		Debug|Any CPU = Debug|Any CPU
		Release|Any CPU = Release|Any CPU
	EndGlobalSection
	GlobalSection(ProjectConfigurationPlatforms) = postSolution
		{DC9D8FEA-A8E9-44BE-A51A-D32D9B4BEF30}.Debug|Any CPU.ActiveCfg = Debug|Any CPU
		{DC9D8FEA-A8E9-44BE-A51A-D32D9B4BEF30}.Debug|Any CPU.Build.0 = Debug|Any CPU
		{DC9D8FEA-A8E9-44BE-A51A-D32D9B4BEF30}.Release|Any CPU.ActiveCfg = Release|Any CPU
		{DC9D8FEA-A8E9-44BE-A51A-D32D9B4BEF30}.Release|Any CPU.Build.0 = Release|Any CPU
		{DB0F7EEF-12C8-457C-B0B0-643E62229E17}.Debug|Any CPU.ActiveCfg = Debug|Any CPU
		{DB0F7EEF-12C8-457C-B0B0-643E62229E17}.Debug|Any CPU.Build.0 = Debug|Any CPU
		{DB0F7EEF-12C8-457C-B0B0-643E62229E17}.Release|Any CPU.ActiveCfg = Release|Any CPU
		{DB0F7EEF-12C8-457C-B0B0-643E62229E17}.Release|Any CPU.Build.0 = Release|Any CPU
	EndGlobalSection
	GlobalSection(SolutionProperties) = preSolution
		HideSolutionNode = FALSE
	EndGlobalSection
	GlobalSection(ExtensibilityGlobals) = postSolution
		SolutionGuid = {043FC56C-AB97-4AAE-A0FA-E09ABCDFAF7B}
	EndGlobalSection
EndGlobal
